
Microsoft Visual Studio Solution File, Format Version 12.00
# Visual Studio Version 16
VisualStudioVersion = 16.0.30413.136
MinimumVisualStudioVersion = 10.0.40219.1
Project("{9A19103F-16F7-4668-BE54-9A1E7A4F7556}") = "WebApiTest", "WebApiTest\WebApiTest.csproj", "{53FC7453-395B-414F-8A60-8AA5818378F8}"
EndProject
Project("{9A19103F-16F7-4668-BE54-9A1E7A4F7556}") = "Application", "Application\Application.csproj", "{7653487D-FF52-4210-815E-BBD3A14E4038}"
EndProject
Project("{9A19103F-16F7-4668-BE54-9A1E7A4F7556}") = "Domain", "Domain\Domain.csproj", "{DD48A474-3BDC-4164-8C33-540EA5BA0B54}"
EndProject
Global
	GlobalSection(SolutionConfigurationPlatforms) = preSolution
		Debug|Any CPU = Debug|Any CPU
		Release|Any CPU = Release|Any CPU
	EndGlobalSection
	GlobalSection(ProjectConfigurationPlatforms) = postSolution
		{53FC7453-395B-414F-8A60-8AA5818378F8}.Debug|Any CPU.ActiveCfg = Debug|Any CPU
		{53FC7453-395B-414F-8A60-8AA5818378F8}.Debug|Any CPU.Build.0 = Debug|Any CPU
		{53FC7453-395B-414F-8A60-8AA5818378F8}.Release|Any CPU.ActiveCfg = Release|Any CPU
		{53FC7453-395B-414F-8A60-8AA5818378F8}.Release|Any CPU.Build.0 = Release|Any CPU
		{7653487D-FF52-4210-815E-BBD3A14E4038}.Debug|Any CPU.ActiveCfg = Debug|Any CPU
		{7653487D-FF52-4210-815E-BBD3A14E4038}.Debug|Any CPU.Build.0 = Debug|Any CPU
		{7653487D-FF52-4210-815E-BBD3A14E4038}.Release|Any CPU.ActiveCfg = Release|Any CPU
		{7653487D-FF52-4210-815E-BBD3A14E4038}.Release|Any CPU.Build.0 = Release|Any CPU
		{DD48A474-3BDC-4164-8C33-540EA5BA0B54}.Debug|Any CPU.ActiveCfg = Debug|Any CPU
		{DD48A474-3BDC-4164-8C33-540EA5BA0B54}.Debug|Any CPU.Build.0 = Debug|Any CPU
		{DD48A474-3BDC-4164-8C33-540EA5BA0B54}.Release|Any CPU.ActiveCfg = Release|Any CPU
		{DD48A474-3BDC-4164-8C33-540EA5BA0B54}.Release|Any CPU.Build.0 = Release|Any CPU
	EndGlobalSection
	GlobalSection(SolutionProperties) = preSolution
		HideSolutionNode = FALSE
	EndGlobalSection
	GlobalSection(ExtensibilityGlobals) = postSolution
		SolutionGuid = {55D26044-61A7-46EA-B8A0-DF39450125B4}
	EndGlobalSection
EndGlobal
